
Microsoft Visual Studio Solution File, Format Version 12.00
# Visual Studio Version 16
VisualStudioVersion = 16.0.29709.97
MinimumVisualStudioVersion = 10.0.40219.1
Project("{FAE04EC0-301F-11D3-BF4B-00C04F79EFBC}") = "Car Shop", "Car Shop\Car Shop.csproj", "{660958F0-B1B7-453B-8728-44659E9AC691}"
EndProject
Global
	GlobalSection(SolutionConfigurationPlatforms) = preSolution
		Debug|Any CPU = Debug|Any CPU
		Release|Any CPU = Release|Any CPU
	EndGlobalSection
	GlobalSection(ProjectConfigurationPlatforms) = postSolution
		{660958F0-B1B7-453B-8728-44659E9AC691}.Debug|Any CPU.ActiveCfg = Debug|Any CPU
		{660958F0-B1B7-453B-8728-44659E9AC691}.Debug|Any CPU.Build.0 = Debug|Any CPU
		{660958F0-B1B7-453B-8728-44659E9AC691}.Release|Any CPU.ActiveCfg = Release|Any CPU
		{660958F0-B1B7-453B-8728-44659E9AC691}.Release|Any CPU.Build.0 = Release|Any CPU
	EndGlobalSection
	GlobalSection(SolutionProperties) = preSolution
		HideSolutionNode = FALSE
	EndGlobalSection
	GlobalSection(ExtensibilityGlobals) = postSolution
		SolutionGuid = {F9BE4B73-352E-48FF-9BC0-3D76A960D96F}
	EndGlobalSection
EndGlobal
